<?xml version="1.0" encoding="utf-8"?>
<Project ToolsVersion="17.0" xmlns="http://schemas.microsoft.com/developer/msbuild/2003">
  <ItemGroup>
    <ClCompile Include="D:\面试项目\qt播放器\FFMediaPlayer\sdk\core\media_clock.cpp">
      <Filter>Source Files</Filter>
    </ClCompile>
    <ClCompile Include="D:\面试项目\qt播放器\FFMediaPlayer\sdk\core\player_session.cpp">
      <Filter>Source Files</Filter>
    </ClCompile>
    <ClCompile Include="D:\面试项目\qt播放器\FFMediaPlayer\sdk\core\player.cpp">
      <Filter>Source Files</Filter>
    </ClCompile>
    <ClCompile Include="D:\面试项目\qt播放器\FFMediaPlayer\sdk\core\ffmpeg_demuxer.cpp">
      <Filter>Source Files</Filter>
    </ClCompile>
    <ClCompile Include="D:\面试项目\qt播放器\FFMediaPlayer\sdk\core\ffmpeg_decoder.cpp">
      <Filter>Source Files</Filter>
    </ClCompile>
    <ClCompile Include="D:\面试项目\qt播放器\FFMediaPlayer\sdk\core\ffmpeg_subtitle_decoder.cpp">
      <Filter>Source Files</Filter>
    </ClCompile>
    <ClCompile Include="D:\面试项目\qt播放器\FFMediaPlayer\sdk\platform\audio_sink.cpp">
      <Filter>Source Files</Filter>
    </ClCompile>
    <ClCompile Include="D:\面试项目\qt播放器\FFMediaPlayer\sdk\platform\video_sink.cpp">
      <Filter>Source Files</Filter>
    </ClCompile>
  </ItemGroup>
  <ItemGroup>
    <CustomBuild Include="D:\面试项目\qt播放器\FFMediaPlayer\sdk\CMakeLists.txt" />
  </ItemGroup>
  <ItemGroup>
    <Filter Include="Source Files">
      <UniqueIdentifier>{60E46C76-8A9A-34A1-8486-F72DCE1AF401}</UniqueIdentifier>
    </Filter>
  </ItemGroup>
</Project>
